
Microsoft Visual Studio Solution File, Format Version 12.00
# Visual Studio Version 16
VisualStudioVersion = 16.0.30128.74
MinimumVisualStudioVersion = 10.0.40219.1
Project("{9A19103F-16F7-4668-BE54-9A1E7A4F7556}") = "InitiativeService.API", "InitiativeService\InitiativeService.API.csproj", "{1519B8A7-9FC2-4390-A5C4-511A937CF153}"
EndProject
Project("{9A19103F-16F7-4668-BE54-9A1E7A4F7556}") = "InitiativeService.Tests", "InitiativeService.Tests\InitiativeService.Tests.csproj", "{C3882E64-AB69-4A97-97FB-ACA36BA4BC6B}"
EndProject
Project("{9A19103F-16F7-4668-BE54-9A1E7A4F7556}") = "InitiativeService.Domain", "InitiativeService.Domain\InitiativeService.Domain.csproj", "{08D7FA96-79BD-4ED5-9A12-7D246BEA141E}"
EndProject
Project("{9A19103F-16F7-4668-BE54-9A1E7A4F7556}") = "InitiativeService.DTO", "InitiativeService.DTO\InitiativeService.DTO.csproj", "{372FE810-2ACF-4A90-A08A-914B3ABCC522}"
EndProject
Project("{9A19103F-16F7-4668-BE54-9A1E7A4F7556}") = "InitiativeService.DataAccess", "InitiativeService.DataAccess\InitiativeService.DataAccess.csproj", "{59CF37D4-CE31-45CA-82F3-1E5F6D731A43}"
EndProject
Project("{9A19103F-16F7-4668-BE54-9A1E7A4F7556}") = "InitiativeService.Services", "InitiativeService.Services\InitiativeService.Services.csproj", "{2021E188-D399-49AE-A8C3-2CE85708FD7E}"
EndProject
Global
	GlobalSection(SolutionConfigurationPlatforms) = preSolution
		Debug|Any CPU = Debug|Any CPU
		Release|Any CPU = Release|Any CPU
	EndGlobalSection
	GlobalSection(ProjectConfigurationPlatforms) = postSolution
		{1519B8A7-9FC2-4390-A5C4-511A937CF153}.Debug|Any CPU.ActiveCfg = Debug|Any CPU
		{1519B8A7-9FC2-4390-A5C4-511A937CF153}.Debug|Any CPU.Build.0 = Debug|Any CPU
		{1519B8A7-9FC2-4390-A5C4-511A937CF153}.Release|Any CPU.ActiveCfg = Release|Any CPU
		{1519B8A7-9FC2-4390-A5C4-511A937CF153}.Release|Any CPU.Build.0 = Release|Any CPU
		{C3882E64-AB69-4A97-97FB-ACA36BA4BC6B}.Debug|Any CPU.ActiveCfg = Debug|Any CPU
		{C3882E64-AB69-4A97-97FB-ACA36BA4BC6B}.Debug|Any CPU.Build.0 = Debug|Any CPU
		{C3882E64-AB69-4A97-97FB-ACA36BA4BC6B}.Release|Any CPU.ActiveCfg = Release|Any CPU
		{C3882E64-AB69-4A97-97FB-ACA36BA4BC6B}.Release|Any CPU.Build.0 = Release|Any CPU
		{08D7FA96-79BD-4ED5-9A12-7D246BEA141E}.Debug|Any CPU.ActiveCfg = Debug|Any CPU
		{08D7FA96-79BD-4ED5-9A12-7D246BEA141E}.Debug|Any CPU.Build.0 = Debug|Any CPU
		{08D7FA96-79BD-4ED5-9A12-7D246BEA141E}.Release|Any CPU.ActiveCfg = Release|Any CPU
		{08D7FA96-79BD-4ED5-9A12-7D246BEA141E}.Release|Any CPU.Build.0 = Release|Any CPU
		{372FE810-2ACF-4A90-A08A-914B3ABCC522}.Debug|Any CPU.ActiveCfg = Debug|Any CPU
		{372FE810-2ACF-4A90-A08A-914B3ABCC522}.Debug|Any CPU.Build.0 = Debug|Any CPU
		{372FE810-2ACF-4A90-A08A-914B3ABCC522}.Release|Any CPU.ActiveCfg = Release|Any CPU
		{372FE810-2ACF-4A90-A08A-914B3ABCC522}.Release|Any CPU.Build.0 = Release|Any CPU
		{59CF37D4-CE31-45CA-82F3-1E5F6D731A43}.Debug|Any CPU.ActiveCfg = Debug|Any CPU
		{59CF37D4-CE31-45CA-82F3-1E5F6D731A43}.Debug|Any CPU.Build.0 = Debug|Any CPU
		{59CF37D4-CE31-45CA-82F3-1E5F6D731A43}.Release|Any CPU.ActiveCfg = Release|Any CPU
		{59CF37D4-CE31-45CA-82F3-1E5F6D731A43}.Release|Any CPU.Build.0 = Release|Any CPU
		{2021E188-D399-49AE-A8C3-2CE85708FD7E}.Debug|Any CPU.ActiveCfg = Debug|Any CPU
		{2021E188-D399-49AE-A8C3-2CE85708FD7E}.Debug|Any CPU.Build.0 = Debug|Any CPU
		{2021E188-D399-49AE-A8C3-2CE85708FD7E}.Release|Any CPU.ActiveCfg = Release|Any CPU
		{2021E188-D399-49AE-A8C3-2CE85708FD7E}.Release|Any CPU.Build.0 = Release|Any CPU
	EndGlobalSection
	GlobalSection(SolutionProperties) = preSolution
		HideSolutionNode = FALSE
	EndGlobalSection
	GlobalSection(ExtensibilityGlobals) = postSolution
		SolutionGuid = {F6EA1F3A-D1E6-4D80-85F3-A63C6A8A8897}
	EndGlobalSection
EndGlobal
